// !$*UTF8*$!
{
	archiveVersion = 1;
	classes = {
	};
	objectVersion = 46;
	objects = {

/* Begin PBXBuildFile section */
		2B8CF9981CC5D0BE008C9EC6 /* AppDelegate.swift in Sources */ = {isa = PBXBuildFile; fileRef = 2B8CF9971CC5D0BE008C9EC6 /* AppDelegate.swift */; };
		2B8CF99D1CC5D0BE008C9EC6 /* Main.storyboard in Resources */ = {isa = PBXBuildFile; fileRef = 2B8CF99B1CC5D0BE008C9EC6 /* Main.storyboard */; };
		2B8CF99F1CC5D0BE008C9EC6 /* Assets.xcassets in Resources */ = {isa = PBXBuildFile; fileRef = 2B8CF99E1CC5D0BE008C9EC6 /* Assets.xcassets */; };
		2B8CF9A21CC5D0BE008C9EC6 /* LaunchScreen.storyboard in Resources */ = {isa = PBXBuildFile; fileRef = 2B8CF9A01CC5D0BE008C9EC6 /* LaunchScreen.storyboard */; };
		2B8CF9B81CC5D40F008C9EC6 /* ToDoItemTests.swift in Sources */ = {isa = PBXBuildFile; fileRef = 2B8CF9B71CC5D40F008C9EC6 /* ToDoItemTests.swift */; };
		2B8CF9BA1CC5D6A4008C9EC6 /* ToDoItem.swift in Sources */ = {isa = PBXBuildFile; fileRef = 2B8CF9B91CC5D6A4008C9EC6 /* ToDoItem.swift */; };
		2B8CF9BC1CC5DAC5008C9EC6 /* Location.swift in Sources */ = {isa = PBXBuildFile; fileRef = 2B8CF9BB1CC5DAC5008C9EC6 /* Location.swift */; };
		2B8CF9BE1CC5DE36008C9EC6 /* LocationTests.swift in Sources */ = {isa = PBXBuildFile; fileRef = 2B8CF9BD1CC5DE36008C9EC6 /* LocationTests.swift */; };
		2B8CF9C01CC5E499008C9EC6 /* ItemManagerTests.swift in Sources */ = {isa = PBXBuildFile; fileRef = 2B8CF9BF1CC5E498008C9EC6 /* ItemManagerTests.swift */; };
		2B8CF9C21CC5E529008C9EC6 /* ItemManager.swift in Sources */ = {isa = PBXBuildFile; fileRef = 2B8CF9C11CC5E529008C9EC6 /* ItemManager.swift */; };
		2B8CF9CA1CC774E8008C9EC6 /* ItemListViewControllerTests.swift in Sources */ = {isa = PBXBuildFile; fileRef = 2B8CF9C91CC774E8008C9EC6 /* ItemListViewControllerTests.swift */; };
		2B8CF9CC1CC7770C008C9EC6 /* ItemListViewController.swift in Sources */ = {isa = PBXBuildFile; fileRef = 2B8CF9CB1CC7770C008C9EC6 /* ItemListViewController.swift */; };
		2B8CF9CE1CC79B0C008C9EC6 /* ItemListDataProvider.swift in Sources */ = {isa = PBXBuildFile; fileRef = 2B8CF9CD1CC79B0C008C9EC6 /* ItemListDataProvider.swift */; };
/* End PBXBuildFile section */

/* Begin PBXContainerItemProxy section */
		2B8CF9A91CC5D0BE008C9EC6 /* PBXContainerItemProxy */ = {
			isa = PBXContainerItemProxy;
			containerPortal = 2B8CF98C1CC5D0BD008C9EC6 /* Project object */;
			proxyType = 1;
			remoteGlobalIDString = 2B8CF9931CC5D0BD008C9EC6;
			remoteInfo = ToDoIOSApp;
		};
/* End PBXContainerItemProxy section */

/* Begin PBXFileReference section */
		2B8CF9941CC5D0BD008C9EC6 /* ToDoIOSApp.app */ = {isa = PBXFileReference; explicitFileType = wrapper.application; includeInIndex = 0; path = ToDoIOSApp.app; sourceTree = BUILT_PRODUCTS_DIR; };
		2B8CF9971CC5D0BE008C9EC6 /* AppDelegate.swift */ = {isa = PBXFileReference; lastKnownFileType = sourcecode.swift; path = AppDelegate.swift; sourceTree = "<group>"; };
		2B8CF99C1CC5D0BE008C9EC6 /* Base */ = {isa = PBXFileReference; lastKnownFileType = file.storyboard; name = Base; path = Base.lproj/Main.storyboard; sourceTree = "<group>"; };
		2B8CF99E1CC5D0BE008C9EC6 /* Assets.xcassets */ = {isa = PBXFileReference; lastKnownFileType = folder.assetcatalog; path = Assets.xcassets; sourceTree = "<group>"; };
		2B8CF9A11CC5D0BE008C9EC6 /* Base */ = {isa = PBXFileReference; lastKnownFileType = file.storyboard; name = Base; path = Base.lproj/LaunchScreen.storyboard; sourceTree = "<group>"; };
		2B8CF9A31CC5D0BE008C9EC6 /* Info.plist */ = {isa = PBXFileReference; lastKnownFileType = text.plist.xml; path = Info.plist; sourceTree = "<group>"; };
		2B8CF9A81CC5D0BE008C9EC6 /* ToDoIOSAppTests.xctest */ = {isa = PBXFileReference; explicitFileType = wrapper.cfbundle; includeInIndex = 0; path = ToDoIOSAppTests.xctest; sourceTree = BUILT_PRODUCTS_DIR; };
		2B8CF9AE1CC5D0BE008C9EC6 /* Info.plist */ = {isa = PBXFileReference; lastKnownFileType = text.plist.xml; path = Info.plist; sourceTree = "<group>"; };
		2B8CF9B71CC5D40F008C9EC6 /* ToDoItemTests.swift */ = {isa = PBXFileReference; fileEncoding = 4; lastKnownFileType = sourcecode.swift; name = ToDoItemTests.swift; path = Model/ToDoItemTests.swift; sourceTree = "<group>"; };
		2B8CF9B91CC5D6A4008C9EC6 /* ToDoItem.swift */ = {isa = PBXFileReference; fileEncoding = 4; lastKnownFileType = sourcecode.swift; name = ToDoItem.swift; path = Model/ToDoItem.swift; sourceTree = "<group>"; };
		2B8CF9BB1CC5DAC5008C9EC6 /* Location.swift */ = {isa = PBXFileReference; fileEncoding = 4; lastKnownFileType = sourcecode.swift; name = Location.swift; path = Model/Location.swift; sourceTree = "<group>"; };
		2B8CF9BD1CC5DE36008C9EC6 /* LocationTests.swift */ = {isa = PBXFileReference; fileEncoding = 4; lastKnownFileType = sourcecode.swift; name = LocationTests.swift; path = Model/LocationTests.swift; sourceTree = "<group>"; };
		2B8CF9BF1CC5E498008C9EC6 /* ItemManagerTests.swift */ = {isa = PBXFileReference; fileEncoding = 4; lastKnownFileType = sourcecode.swift; name = ItemManagerTests.swift; path = Model/ItemManagerTests.swift; sourceTree = "<group>"; };
		2B8CF9C11CC5E529008C9EC6 /* ItemManager.swift */ = {isa = PBXFileReference; fileEncoding = 4; lastKnownFileType = sourcecode.swift; name = ItemManager.swift; path = Model/ItemManager.swift; sourceTree = "<group>"; };
		2B8CF9C51CC750BF008C9EC6 /* README.md */ = {isa = PBXFileReference; fileEncoding = 4; lastKnownFileType = net.daringfireball.markdown; path = README.md; sourceTree = "<group>"; };
		2B8CF9C91CC774E8008C9EC6 /* ItemListViewControllerTests.swift */ = {isa = PBXFileReference; fileEncoding = 4; lastKnownFileType = sourcecode.swift; name = ItemListViewControllerTests.swift; path = Controller/ItemListViewControllerTests.swift; sourceTree = "<group>"; };
		2B8CF9CB1CC7770C008C9EC6 /* ItemListViewController.swift */ = {isa = PBXFileReference; fileEncoding = 4; lastKnownFileType = sourcecode.swift; name = ItemListViewController.swift; path = Controller/ItemListViewController.swift; sourceTree = "<group>"; };
		2B8CF9CD1CC79B0C008C9EC6 /* ItemListDataProvider.swift */ = {isa = PBXFileReference; fileEncoding = 4; lastKnownFileType = sourcecode.swift; name = ItemListDataProvider.swift; path = Controller/ItemListDataProvider.swift; sourceTree = "<group>"; };
/* End PBXFileReference section */

/* Begin PBXFrameworksBuildPhase section */
		2B8CF9911CC5D0BD008C9EC6 /* Frameworks */ = {
			isa = PBXFrameworksBuildPhase;
			buildActionMask = 2147483647;
			files = (
			);
			runOnlyForDeploymentPostprocessing = 0;
		};
		2B8CF9A51CC5D0BE008C9EC6 /* Frameworks */ = {
			isa = PBXFrameworksBuildPhase;
			buildActionMask = 2147483647;
			files = (
			);
			runOnlyForDeploymentPostprocessing = 0;
		};
/* End PBXFrameworksBuildPhase section */

/* Begin PBXGroup section */
		2B8CF98B1CC5D0BD008C9EC6 = {
			isa = PBXGroup;
			children = (
				2B8CF9961CC5D0BE008C9EC6 /* ToDoIOSApp */,
				2B8CF9AB1CC5D0BE008C9EC6 /* ToDoIOSAppTests */,
				2B8CF9951CC5D0BD008C9EC6 /* Products */,
				2B8CF9C51CC750BF008C9EC6 /* README.md */,
			);
			sourceTree = "<group>";
		};
		2B8CF9951CC5D0BD008C9EC6 /* Products */ = {
			isa = PBXGroup;
			children = (
				2B8CF9941CC5D0BD008C9EC6 /* ToDoIOSApp.app */,
				2B8CF9A81CC5D0BE008C9EC6 /* ToDoIOSAppTests.xctest */,
			);
			name = Products;
			sourceTree = "<group>";
		};
		2B8CF9961CC5D0BE008C9EC6 /* ToDoIOSApp */ = {
			isa = PBXGroup;
			children = (
				2B8CF9971CC5D0BE008C9EC6 /* AppDelegate.swift */,
				2B8CF9CB1CC7770C008C9EC6 /* ItemListViewController.swift */,
				2B8CF9CD1CC79B0C008C9EC6 /* ItemListDataProvider.swift */,
				2B8CF9C81CC77480008C9EC6 /* Model */,
				2B8CF99B1CC5D0BE008C9EC6 /* Main.storyboard */,
				2B8CF99E1CC5D0BE008C9EC6 /* Assets.xcassets */,
				2B8CF9A01CC5D0BE008C9EC6 /* LaunchScreen.storyboard */,
				2B8CF9A31CC5D0BE008C9EC6 /* Info.plist */,
			);
			path = ToDoIOSApp;
			sourceTree = "<group>";
		};
		2B8CF9AB1CC5D0BE008C9EC6 /* ToDoIOSAppTests */ = {
			isa = PBXGroup;
			children = (
				2B8CF9C71CC77472008C9EC6 /* Model */,
				2B8CF9AE1CC5D0BE008C9EC6 /* Info.plist */,
				2B8CF9C91CC774E8008C9EC6 /* ItemListViewControllerTests.swift */,
			);
			path = ToDoIOSAppTests;
			sourceTree = "<group>";
		};
		2B8CF9C71CC77472008C9EC6 /* Model */ = {
			isa = PBXGroup;
			children = (
				2B8CF9B71CC5D40F008C9EC6 /* ToDoItemTests.swift */,
				2B8CF9BD1CC5DE36008C9EC6 /* LocationTests.swift */,
				2B8CF9BF1CC5E498008C9EC6 /* ItemManagerTests.swift */,
			);
			name = Model;
			sourceTree = "<group>";
		};
		2B8CF9C81CC77480008C9EC6 /* Model */ = {
			isa = PBXGroup;
			children = (
				2B8CF9B91CC5D6A4008C9EC6 /* ToDoItem.swift */,
				2B8CF9BB1CC5DAC5008C9EC6 /* Location.swift */,
				2B8CF9C11CC5E529008C9EC6 /* ItemManager.swift */,
			);
			name = Model;
			sourceTree = "<group>";
		};
/* End PBXGroup section */

/* Begin PBXNativeTarget section */
		2B8CF9931CC5D0BD008C9EC6 /* ToDoIOSApp */ = {
			isa = PBXNativeTarget;
			buildConfigurationList = 2B8CF9B11CC5D0BE008C9EC6 /* Build configuration list for PBXNativeTarget "ToDoIOSApp" */;
			buildPhases = (
				2B8CF9901CC5D0BD008C9EC6 /* Sources */,
				2B8CF9911CC5D0BD008C9EC6 /* Frameworks */,
				2B8CF9921CC5D0BD008C9EC6 /* Resources */,
			);
			buildRules = (
			);
			dependencies = (
			);
			name = ToDoIOSApp;
			productName = ToDoIOSApp;
			productReference = 2B8CF9941CC5D0BD008C9EC6 /* ToDoIOSApp.app */;
			productType = "com.apple.product-type.application";
		};
		2B8CF9A71CC5D0BE008C9EC6 /* ToDoIOSAppTests */ = {
			isa = PBXNativeTarget;
			buildConfigurationList = 2B8CF9B41CC5D0BE008C9EC6 /* Build configuration list for PBXNativeTarget "ToDoIOSAppTests" */;
			buildPhases = (
				2B8CF9A41CC5D0BE008C9EC6 /* Sources */,
				2B8CF9A51CC5D0BE008C9EC6 /* Frameworks */,
				2B8CF9A61CC5D0BE008C9EC6 /* Resources */,
			);
			buildRules = (
			);
			dependencies = (
				2B8CF9AA1CC5D0BE008C9EC6 /* PBXTargetDependency */,
			);
			name = ToDoIOSAppTests;
			productName = ToDoIOSAppTests;
			productReference = 2B8CF9A81CC5D0BE008C9EC6 /* ToDoIOSAppTests.xctest */;
			productType = "com.apple.product-type.bundle.unit-test";
		};
/* End PBXNativeTarget section */

/* Begin PBXProject section */
		2B8CF98C1CC5D0BD008C9EC6 /* Project object */ = {
			isa = PBXProject;
			attributes = {
				LastSwiftUpdateCheck = 0730;
				LastUpgradeCheck = 0730;
				ORGANIZATIONNAME = "Warit Santaputra";
				TargetAttributes = {
					2B8CF9931CC5D0BD008C9EC6 = {
						CreatedOnToolsVersion = 7.3;
						DevelopmentTeam = 8FD7H88AFX;
					};
					2B8CF9A71CC5D0BE008C9EC6 = {
						CreatedOnToolsVersion = 7.3;
						DevelopmentTeam = 8FD7H88AFX;
						TestTargetID = 2B8CF9931CC5D0BD008C9EC6;
					};
				};
			};
			buildConfigurationList = 2B8CF98F1CC5D0BD008C9EC6 /* Build configuration list for PBXProject "ToDoIOSApp" */;
			compatibilityVersion = "Xcode 3.2";
			developmentRegion = English;
			hasScannedForEncodings = 0;
			knownRegions = (
				en,
				Base,
			);
			mainGroup = 2B8CF98B1CC5D0BD008C9EC6;
			productRefGroup = 2B8CF9951CC5D0BD008C9EC6 /* Products */;
			projectDirPath = "";
			projectRoot = "";
			targets = (
				2B8CF9931CC5D0BD008C9EC6 /* ToDoIOSApp */,
				2B8CF9A71CC5D0BE008C9EC6 /* ToDoIOSAppTests */,
			);
		};
/* End PBXProject section */

/* Begin PBXResourcesBuildPhase section */
		2B8CF9921CC5D0BD008C9EC6 /* Resources */ = {
			isa = PBXResourcesBuildPhase;
			buildActionMask = 2147483647;
			files = (
				2B8CF9A21CC5D0BE008C9EC6 /* LaunchScreen.storyboard in Resources */,
				2B8CF99F1CC5D0BE008C9EC6 /* Assets.xcassets in Resources */,
				2B8CF99D1CC5D0BE008C9EC6 /* Main.storyboard in Resources */,
			);
			runOnlyForDeploymentPostprocessing = 0;
		};
		2B8CF9A61CC5D0BE008C9EC6 /* Resources */ = {
			isa = PBXResourcesBuildPhase;
			buildActionMask = 2147483647;
			files = (
			);
			runOnlyForDeploymentPostprocessing = 0;
		};
/* End PBXResourcesBuildPhase section */

/* Begin PBXSourcesBuildPhase section */
		2B8CF9901CC5D0BD008C9EC6 /* Sources */ = {
			isa = PBXSourcesBuildPhase;
			buildActionMask = 2147483647;
			files = (
				2B8CF9C21CC5E529008C9EC6 /* ItemManager.swift in Sources */,
				2B8CF9CE1CC79B0C008C9EC6 /* ItemListDataProvider.swift in Sources */,
				2B8CF9981CC5D0BE008C9EC6 /* AppDelegate.swift in Sources */,
				2B8CF9BC1CC5DAC5008C9EC6 /* Location.swift in Sources */,
				2B8CF9BA1CC5D6A4008C9EC6 /* ToDoItem.swift in Sources */,
				2B8CF9CC1CC7770C008C9EC6 /* ItemListViewController.swift in Sources */,
			);
			runOnlyForDeploymentPostprocessing = 0;
		};
		2B8CF9A41CC5D0BE008C9EC6 /* Sources */ = {
			isa = PBXSourcesBuildPhase;
			buildActionMask = 2147483647;
			files = (
				2B8CF9C01CC5E499008C9EC6 /* ItemManagerTests.swift in Sources */,
				2B8CF9BE1CC5DE36008C9EC6 /* LocationTests.swift in Sources */,
				2B8CF9B81CC5D40F008C9EC6 /* ToDoItemTests.swift in Sources */,
				2B8CF9CA1CC774E8008C9EC6 /* ItemListViewControllerTests.swift in Sources */,
			);
			runOnlyForDeploymentPostprocessing = 0;
		};
/* End PBXSourcesBuildPhase section */

/* Begin PBXTargetDependency section */
		2B8CF9AA1CC5D0BE008C9EC6 /* PBXTargetDependency */ = {
			isa = PBXTargetDependency;
			target = 2B8CF9931CC5D0BD008C9EC6 /* ToDoIOSApp */;
			targetProxy = 2B8CF9A91CC5D0BE008C9EC6 /* PBXContainerItemProxy */;
		};
/* End PBXTargetDependency section */

/* Begin PBXVariantGroup section */
		2B8CF99B1CC5D0BE008C9EC6 /* Main.storyboard */ = {
			isa = PBXVariantGroup;
			children = (
				2B8CF99C1CC5D0BE008C9EC6 /* Base */,
			);
			name = Main.storyboard;
			sourceTree = "<group>";
		};
		2B8CF9A01CC5D0BE008C9EC6 /* LaunchScreen.storyboard */ = {
			isa = PBXVariantGroup;
			children = (
				2B8CF9A11CC5D0BE008C9EC6 /* Base */,
			);
			name = LaunchScreen.storyboard;
			sourceTree = "<group>";
		};
/* End PBXVariantGroup section */

/* Begin XCBuildConfiguration section */
		2B8CF9AF1CC5D0BE008C9EC6 /* Debug */ = {
			isa = XCBuildConfiguration;
			buildSettings = {
				ALWAYS_SEARCH_USER_PATHS = NO;
				CLANG_ANALYZER_NONNULL = YES;
				CLANG_CXX_LANGUAGE_STANDARD = "gnu++0x";
				CLANG_CXX_LIBRARY = "libc++";
				CLANG_ENABLE_MODULES = YES;
				CLANG_ENABLE_OBJC_ARC = YES;
				CLANG_WARN_BOOL_CONVERSION = YES;
				CLANG_WARN_CONSTANT_CONVERSION = YES;
				CLANG_WARN_DIRECT_OBJC_ISA_USAGE = YES_ERROR;
				CLANG_WARN_EMPTY_BODY = YES;
				CLANG_WARN_ENUM_CONVERSION = YES;
				CLANG_WARN_INT_CONVERSION = YES;
				CLANG_WARN_OBJC_ROOT_CLASS = YES_ERROR;
				CLANG_WARN_UNREACHABLE_CODE = YES;
				CLANG_WARN__DUPLICATE_METHOD_MATCH = YES;
				"CODE_SIGN_IDENTITY[sdk=iphoneos*]" = "iPhone Developer";
				COPY_PHASE_STRIP = NO;
				DEBUG_INFORMATION_FORMAT = dwarf;
				ENABLE_STRICT_OBJC_MSGSEND = YES;
				ENABLE_TESTABILITY = YES;
				GCC_C_LANGUAGE_STANDARD = gnu99;
				GCC_DYNAMIC_NO_PIC = NO;
				GCC_NO_COMMON_BLOCKS = YES;
				GCC_OPTIMIZATION_LEVEL = 0;
				GCC_PREPROCESSOR_DEFINITIONS = (
					"DEBUG=1",
					"$(inherited)",
				);
				GCC_WARN_64_TO_32_BIT_CONVERSION = YES;
				GCC_WARN_ABOUT_RETURN_TYPE = YES_ERROR;
				GCC_WARN_UNDECLARED_SELECTOR = YES;
				GCC_WARN_UNINITIALIZED_AUTOS = YES_AGGRESSIVE;
				GCC_WARN_UNUSED_FUNCTION = YES;
				GCC_WARN_UNUSED_VARIABLE = YES;
				IPHONEOS_DEPLOYMENT_TARGET = 9.3;
				MTL_ENABLE_DEBUG_INFO = YES;
				ONLY_ACTIVE_ARCH = YES;
				SDKROOT = iphoneos;
				SWIFT_OPTIMIZATION_LEVEL = "-Onone";
			};
			name = Debug;
		};
		2B8CF9B01CC5D0BE008C9EC6 /* Release */ = {
			isa = XCBuildConfiguration;
			buildSettings = {
				ALWAYS_SEARCH_USER_PATHS = NO;
				CLANG_ANALYZER_NONNULL = YES;
				CLANG_CXX_LANGUAGE_STANDARD = "gnu++0x";
				CLANG_CXX_LIBRARY = "libc++";
				CLANG_ENABLE_MODULES = YES;
				CLANG_ENABLE_OBJC_ARC = YES;
				CLANG_WARN_BOOL_CONVERSION = YES;
				CLANG_WARN_CONSTANT_CONVERSION = YES;
				CLANG_WARN_DIRECT_OBJC_ISA_USAGE = YES_ERROR;
				CLANG_WARN_EMPTY_BODY = YES;
				CLANG_WARN_ENUM_CONVERSION = YES;
				CLANG_WARN_INT_CONVERSION = YES;
				CLANG_WARN_OBJC_ROOT_CLASS = YES_ERROR;
				CLANG_WARN_UNREACHABLE_CODE = YES;
				CLANG_WARN__DUPLICATE_METHOD_MATCH = YES;
				"CODE_SIGN_IDENTITY[sdk=iphoneos*]" = "iPhone Developer";
				COPY_PHASE_STRIP = NO;
				DEBUG_INFORMATION_FORMAT = "dwarf-with-dsym";
				ENABLE_NS_ASSERTIONS = NO;
				ENABLE_STRICT_OBJC_MSGSEND = YES;
				GCC_C_LANGUAGE_STANDARD = gnu99;
				GCC_NO_COMMON_BLOCKS = YES;
				GCC_WARN_64_TO_32_BIT_CONVERSION = YES;
				GCC_WARN_ABOUT_RETURN_TYPE = YES_ERROR;
				GCC_WARN_UNDECLARED_SELECTOR = YES;
				GCC_WARN_UNINITIALIZED_AUTOS = YES_AGGRESSIVE;
				GCC_WARN_UNUSED_FUNCTION = YES;
				GCC_WARN_UNUSED_VARIABLE = YES;
				IPHONEOS_DEPLOYMENT_TARGET = 9.3;
				MTL_ENABLE_DEBUG_INFO = NO;
				SDKROOT = iphoneos;
				VALIDATE_PRODUCT = YES;
			};
			name = Release;
		};
		2B8CF9B21CC5D0BE008C9EC6 /* Debug */ = {
			isa = XCBuildConfiguration;
			buildSettings = {
				ASSETCATALOG_COMPILER_APPICON_NAME = AppIcon;
				INFOPLIST_FILE = ToDoIOSApp/Info.plist;
				LD_RUNPATH_SEARCH_PATHS = "$(inherited) @executable_path/Frameworks";
				PRODUCT_BUNDLE_IDENTIFIER = com.waritsantaputra.ToDoIOSApp;
				PRODUCT_NAME = "$(TARGET_NAME)";
			};
			name = Debug;
		};
		2B8CF9B31CC5D0BE008C9EC6 /* Release */ = {
			isa = XCBuildConfiguration;
			buildSettings = {
				ASSETCATALOG_COMPILER_APPICON_NAME = AppIcon;
				INFOPLIST_FILE = ToDoIOSApp/Info.plist;
				LD_RUNPATH_SEARCH_PATHS = "$(inherited) @executable_path/Frameworks";
				PRODUCT_BUNDLE_IDENTIFIER = com.waritsantaputra.ToDoIOSApp;
				PRODUCT_NAME = "$(TARGET_NAME)";
			};
			name = Release;
		};
		2B8CF9B51CC5D0BE008C9EC6 /* Debug */ = {
			isa = XCBuildConfiguration;
			buildSettings = {
				BUNDLE_LOADER = "$(TEST_HOST)";
				INFOPLIST_FILE = ToDoIOSAppTests/Info.plist;
				LD_RUNPATH_SEARCH_PATHS = "$(inherited) @executable_path/Frameworks @loader_path/Frameworks";
				PRODUCT_BUNDLE_IDENTIFIER = com.waritsantaputra.ToDoIOSAppTests;
				PRODUCT_NAME = "$(TARGET_NAME)";
				TEST_HOST = "$(BUILT_PRODUCTS_DIR)/ToDoIOSApp.app/ToDoIOSApp";
			};
			name = Debug;
		};
		2B8CF9B61CC5D0BE008C9EC6 /* Release */ = {
			isa = XCBuildConfiguration;
			buildSettings = {
				BUNDLE_LOADER = "$(TEST_HOST)";
				INFOPLIST_FILE = ToDoIOSAppTests/Info.plist;
				LD_RUNPATH_SEARCH_PATHS = "$(inherited) @executable_path/Frameworks @loader_path/Frameworks";
				PRODUCT_BUNDLE_IDENTIFIER = com.waritsantaputra.ToDoIOSAppTests;
				PRODUCT_NAME = "$(TARGET_NAME)";
				TEST_HOST = "$(BUILT_PRODUCTS_DIR)/ToDoIOSApp.app/ToDoIOSApp";
			};
			name = Release;
		};
/* End XCBuildConfiguration section */

/* Begin XCConfigurationList section */
		2B8CF98F1CC5D0BD008C9EC6 /* Build configuration list for PBXProject "ToDoIOSApp" */ = {
			isa = XCConfigurationList;
			buildConfigurations = (
				2B8CF9AF1CC5D0BE008C9EC6 /* Debug */,
				2B8CF9B01CC5D0BE008C9EC6 /* Release */,
			);
			defaultConfigurationIsVisible = 0;
			defaultConfigurationName = Release;
		};
		2B8CF9B11CC5D0BE008C9EC6 /* Build configuration list for PBXNativeTarget "ToDoIOSApp" */ = {
			isa = XCConfigurationList;
			buildConfigurations = (
				2B8CF9B21CC5D0BE008C9EC6 /* Debug */,
				2B8CF9B31CC5D0BE008C9EC6 /* Release */,
			);
			defaultConfigurationIsVisible = 0;
			defaultConfigurationName = Release;
		};
		2B8CF9B41CC5D0BE008C9EC6 /* Build configuration list for PBXNativeTarget "ToDoIOSAppTests" */ = {
			isa = XCConfigurationList;
			buildConfigurations = (
				2B8CF9B51CC5D0BE008C9EC6 /* Debug */,
				2B8CF9B61CC5D0BE008C9EC6 /* Release */,
			);
			defaultConfigurationIsVisible = 0;
			defaultConfigurationName = Release;
		};
/* End XCConfigurationList section */
	};
	rootObject = 2B8CF98C1CC5D0BD008C9EC6 /* Project object */;
}
